
Microsoft Visual Studio Solution File, Format Version 12.00
# Visual Studio 15
VisualStudioVersion = 15.0.26430.15
MinimumVisualStudioVersion = 10.0.40219.1
Project("{8BC9CEB8-8B4A-11D0-8D11-00A0C91BC942}") = "OpenFaceToolkit", "OpenFaceToolkit\OpenFaceToolkit.vcxproj", "{1A47B8D7-793C-4485-9D51-E693615F15DB}"
EndProject
Project("{8BC9CEB8-8B4A-11D0-8D11-00A0C91BC942}") = "LibLinear", "LibLinear\LibLinear.vcxproj", "{2801702A-6781-46CE-92A9-AAFB7127357E}"
EndProject
Project("{8BC9CEB8-8B4A-11D0-8D11-00A0C91BC942}") = "FaceAlignment", "FaceAlignment\FaceAlignment.vcxproj", "{81BE6485-35B6-48C7-9589-C3D38C03CDA6}"
EndProject
Project("{8BC9CEB8-8B4A-11D0-8D11-00A0C91BC942}") = "Lib3000fps", "Lib3000fps\Lib3000fps.vcxproj", "{FD675BCF-5F31-4825-A4CC-D71BE7D56ED4}"
EndProject
Global
	GlobalSection(SolutionConfigurationPlatforms) = preSolution
		Debug|x64 = Debug|x64
		Debug|x86 = Debug|x86
		Release|x64 = Release|x64
		Release|x86 = Release|x86
	EndGlobalSection
	GlobalSection(ProjectConfigurationPlatforms) = postSolution
		{1A47B8D7-793C-4485-9D51-E693615F15DB}.Debug|x64.ActiveCfg = Debug|x64
		{1A47B8D7-793C-4485-9D51-E693615F15DB}.Debug|x64.Build.0 = Debug|x64
		{1A47B8D7-793C-4485-9D51-E693615F15DB}.Debug|x86.ActiveCfg = Debug|Win32
		{1A47B8D7-793C-4485-9D51-E693615F15DB}.Debug|x86.Build.0 = Debug|Win32
		{1A47B8D7-793C-4485-9D51-E693615F15DB}.Release|x64.ActiveCfg = Release|x64
		{1A47B8D7-793C-4485-9D51-E693615F15DB}.Release|x64.Build.0 = Release|x64
		{1A47B8D7-793C-4485-9D51-E693615F15DB}.Release|x64.Deploy.0 = Release|x64
		{1A47B8D7-793C-4485-9D51-E693615F15DB}.Release|x86.ActiveCfg = Release|Win32
		{1A47B8D7-793C-4485-9D51-E693615F15DB}.Release|x86.Build.0 = Release|Win32
		{2801702A-6781-46CE-92A9-AAFB7127357E}.Debug|x64.ActiveCfg = Debug|x64
		{2801702A-6781-46CE-92A9-AAFB7127357E}.Debug|x64.Build.0 = Debug|x64
		{2801702A-6781-46CE-92A9-AAFB7127357E}.Debug|x86.ActiveCfg = Debug|Win32
		{2801702A-6781-46CE-92A9-AAFB7127357E}.Debug|x86.Build.0 = Debug|Win32
		{2801702A-6781-46CE-92A9-AAFB7127357E}.Release|x64.ActiveCfg = Release|x64
		{2801702A-6781-46CE-92A9-AAFB7127357E}.Release|x64.Build.0 = Release|x64
		{2801702A-6781-46CE-92A9-AAFB7127357E}.Release|x86.ActiveCfg = Release|Win32
		{2801702A-6781-46CE-92A9-AAFB7127357E}.Release|x86.Build.0 = Release|Win32
		{81BE6485-35B6-48C7-9589-C3D38C03CDA6}.Debug|x64.ActiveCfg = Debug|x64
		{81BE6485-35B6-48C7-9589-C3D38C03CDA6}.Debug|x64.Build.0 = Debug|x64
		{81BE6485-35B6-48C7-9589-C3D38C03CDA6}.Debug|x86.ActiveCfg = Debug|Win32
		{81BE6485-35B6-48C7-9589-C3D38C03CDA6}.Debug|x86.Build.0 = Debug|Win32
		{81BE6485-35B6-48C7-9589-C3D38C03CDA6}.Release|x64.ActiveCfg = Release|x64
		{81BE6485-35B6-48C7-9589-C3D38C03CDA6}.Release|x64.Build.0 = Release|x64
		{81BE6485-35B6-48C7-9589-C3D38C03CDA6}.Release|x86.ActiveCfg = Release|Win32
		{81BE6485-35B6-48C7-9589-C3D38C03CDA6}.Release|x86.Build.0 = Release|Win32
		{FD675BCF-5F31-4825-A4CC-D71BE7D56ED4}.Debug|x64.ActiveCfg = Debug|x64
		{FD675BCF-5F31-4825-A4CC-D71BE7D56ED4}.Debug|x64.Build.0 = Debug|x64
		{FD675BCF-5F31-4825-A4CC-D71BE7D56ED4}.Debug|x86.ActiveCfg = Debug|Win32
		{FD675BCF-5F31-4825-A4CC-D71BE7D56ED4}.Debug|x86.Build.0 = Debug|Win32
		{FD675BCF-5F31-4825-A4CC-D71BE7D56ED4}.Release|x64.ActiveCfg = Release|x64
		{FD675BCF-5F31-4825-A4CC-D71BE7D56ED4}.Release|x64.Build.0 = Release|x64
		{FD675BCF-5F31-4825-A4CC-D71BE7D56ED4}.Release|x86.ActiveCfg = Release|Win32
		{FD675BCF-5F31-4825-A4CC-D71BE7D56ED4}.Release|x86.Build.0 = Release|Win32
	EndGlobalSection
	GlobalSection(SolutionProperties) = preSolution
		HideSolutionNode = FALSE
	EndGlobalSection
EndGlobal
